<?xml version="1.0" encoding="utf-8"?>
<Project ToolsVersion="4.0" xmlns="http://schemas.microsoft.com/developer/msbuild/2003">
  <ItemGroup>
    <Filter Include="Source Files">
      <UniqueIdentifier>{4FC737F1-C7A5-4376-A066-2A32D752A2FF}</UniqueIdentifier>
      <Extensions>cpp;c;cc;cxx;def;odl;idl;hpj;bat;asm;asmx</Extensions>
    </Filter>
    <Filter Include="Header Files">
      <UniqueIdentifier>{93995380-89BD-4b04-88EB-625FBE52EBFB}</UniqueIdentifier>
      <Extensions>h;hpp;hxx;hm;inl;inc;xsd</Extensions>
    </Filter>
    <Filter Include="Resource Files">
      <UniqueIdentifier>{67DA6AB6-F800-4c08-8B7A-83BB121AAD01}</UniqueIdentifier>
      <Extensions>rc;ico;cur;bmp;dlg;rc2;rct;bin;rgs;gif;jpg;jpeg;jpe;resx;tiff;tif;png;wav</Extensions>
    </Filter>
  </ItemGroup>
  <ItemGroup>
    <ClCompile Include="src\AppPrefs.cc">
      <Filter>Source Files</Filter>
    </ClCompile>
    <ClCompile Include="baseutils\base_util.c">
      <Filter>Source Files</Filter>
    </ClCompile>
    <ClCompile Include="src\DisplayModel.cc">
      <Filter>Source Files</Filter>
    </ClCompile>
    <ClCompile Include="src\DisplayModelFitz.cc">
      <Filter>Source Files</Filter>
    </ClCompile>
    <ClCompile Include="src\DisplayModelSplash.cc">
      <Filter>Source Files</Filter>
    </ClCompile>
    <ClCompile Include="src\DisplayState.cc">
      <Filter>Source Files</Filter>
    </ClCompile>
    <ClCompile Include="baseutils\dstring.c">
      <Filter>Source Files</Filter>
    </ClCompile>
    <ClCompile Include="baseutils\file_util.c">
      <Filter>Source Files</Filter>
    </ClCompile>
    <ClCompile Include="src\FileHistory.cc">
      <Filter>Source Files</Filter>
    </ClCompile>
    <ClCompile Include="baseutils\geom_util.c">
      <Filter>Source Files</Filter>
    </ClCompile>
    <ClCompile Include="src\PdfEngine.cc">
      <Filter>Source Files</Filter>
    </ClCompile>
    <ClCompile Include="baseutils\str_util.c">
      <Filter>Source Files</Filter>
    </ClCompile>
    <ClCompile Include="src\SumatraDialogs.cc">
      <Filter>Source Files</Filter>
    </ClCompile>
    <ClCompile Include="src\SumatraPDF.cpp">
      <Filter>Source Files</Filter>
    </ClCompile>
    <ClCompile Include="baseutils\win_util.c">
      <Filter>Source Files</Filter>
    </ClCompile>
  </ItemGroup>
  <ItemGroup>
    <ClInclude Include="baseutils\base_util.h">
      <Filter>Source Files</Filter>
    </ClInclude>
    <ClInclude Include="src\AppPrefs.h">
      <Filter>Header Files</Filter>
    </ClInclude>
    <ClInclude Include="src\DisplayModel.h">
      <Filter>Header Files</Filter>
    </ClInclude>
    <ClInclude Include="src\DisplayModelFitz.h">
      <Filter>Header Files</Filter>
    </ClInclude>
    <ClInclude Include="src\DisplayModelSplash.h">
      <Filter>Header Files</Filter>
    </ClInclude>
    <ClInclude Include="src\DisplayState.h">
      <Filter>Header Files</Filter>
    </ClInclude>
    <ClInclude Include="baseutils\dstring.h">
      <Filter>Header Files</Filter>
    </ClInclude>
    <ClInclude Include="baseutils\file_util.h">
      <Filter>Header Files</Filter>
    </ClInclude>
    <ClInclude Include="src\FileHistory.h">
      <Filter>Header Files</Filter>
    </ClInclude>
    <ClInclude Include="baseutils\geom_util.h">
      <Filter>Header Files</Filter>
    </ClInclude>
    <ClInclude Include="src\PdfEngine.h">
      <Filter>Header Files</Filter>
    </ClInclude>
    <ClInclude Include="src\Resource.h">
      <Filter>Header Files</Filter>
    </ClInclude>
    <ClInclude Include="baseutils\str_util.h">
      <Filter>Header Files</Filter>
    </ClInclude>
    <ClInclude Include="src\SumatraDialogs.h">
      <Filter>Header Files</Filter>
    </ClInclude>
    <ClInclude Include="src\SumatraPDF.h">
      <Filter>Header Files</Filter>
    </ClInclude>
    <ClInclude Include="baseutils\win_util.h">
      <Filter>Header Files</Filter>
    </ClInclude>
  </ItemGroup>
  <ItemGroup>
    <None Include="src\icons-silk\cursor1.cur">
      <Filter>Resource Files</Filter>
    </None>
    <None Include="src\dragcursor.cur">
      <Filter>Resource Files</Filter>
    </None>
  </ItemGroup>
  <ItemGroup>
    <Image Include="src\cursordrag.bmp">
      <Filter>Resource Files</Filter>
    </Image>
    <Image Include="src\cursordrag.png">
      <Filter>Resource Files</Filter>
    </Image>
    <Image Include="src\icons-silk\folder.bmp">
      <Filter>Resource Files</Filter>
    </Image>
    <Image Include="src\icons-silk\next.bmp">
      <Filter>Resource Files</Filter>
    </Image>
    <Image Include="src\icons-silk\previous.bmp">
      <Filter>Resource Files</Filter>
    </Image>
    <Image Include="src\SumatraPDf.ico">
      <Filter>Resource Files</Filter>
    </Image>
    <Image Include="src\SumatraPDFSmall.ico">
      <Filter>Resource Files</Filter>
    </Image>
    <Image Include="src\toolbar-disabled.bmp">
      <Filter>Resource Files</Filter>
    </Image>
    <Image Include="src\toolbar.bmp">
      <Filter>Resource Files</Filter>
    </Image>
    <Image Include="src\icons-silk\zoom_in.bmp">
      <Filter>Resource Files</Filter>
    </Image>
    <Image Include="src\icons-silk\zoom_out.bmp">
      <Filter>Resource Files</Filter>
    </Image>
  </ItemGroup>
  <ItemGroup>
    <ResourceCompile Include="src\SumatraPDF.rc">
      <Filter>Resource Files</Filter>
    </ResourceCompile>
  </ItemGroup>
</Project>